
Microsoft Visual Studio Solution File, Format Version 12.00
# Visual Studio Version 17
VisualStudioVersion = 17.4.33213.308
MinimumVisualStudioVersion = 10.0.40219.1
Project("{FAE04EC0-301F-11D3-BF4B-00C04F79EFBC}") = "SalesWebMvc", "SalesWebMvc\SalesWebMvc.csproj", "{81996F40-BA57-478D-BEA9-5C376E305421}"
EndProject
Global
	GlobalSection(SolutionConfigurationPlatforms) = preSolution
		Debug|Any CPU = Debug|Any CPU
		Release|Any CPU = Release|Any CPU
	EndGlobalSection
	GlobalSection(ProjectConfigurationPlatforms) = postSolution
		{81996F40-BA57-478D-BEA9-5C376E305421}.Debug|Any CPU.ActiveCfg = Debug|Any CPU
		{81996F40-BA57-478D-BEA9-5C376E305421}.Debug|Any CPU.Build.0 = Debug|Any CPU
		{81996F40-BA57-478D-BEA9-5C376E305421}.Release|Any CPU.ActiveCfg = Release|Any CPU
		{81996F40-BA57-478D-BEA9-5C376E305421}.Release|Any CPU.Build.0 = Release|Any CPU
	EndGlobalSection
	GlobalSection(SolutionProperties) = preSolution
		HideSolutionNode = FALSE
	EndGlobalSection
	GlobalSection(ExtensibilityGlobals) = postSolution
		SolutionGuid = {5A700810-2DA5-4296-800C-BF8B7F8441B1}
	EndGlobalSection
EndGlobal
